
Microsoft Visual Studio Solution File, Format Version 12.00
# Visual Studio Version 16
VisualStudioVersion = 16.0.31025.194
MinimumVisualStudioVersion = 10.0.40219.1
Project("{FAE04EC0-301F-11D3-BF4B-00C04F79EFBC}") = "Project", "Project\Project.csproj", "{98646EAE-4779-46E2-BF0D-EC54BE34C437}"
EndProject
Global
	GlobalSection(SolutionConfigurationPlatforms) = preSolution
		Debug|Any CPU = Debug|Any CPU
		Release|Any CPU = Release|Any CPU
	EndGlobalSection
	GlobalSection(ProjectConfigurationPlatforms) = postSolution
		{98646EAE-4779-46E2-BF0D-EC54BE34C437}.Debug|Any CPU.ActiveCfg = Debug|Any CPU
		{98646EAE-4779-46E2-BF0D-EC54BE34C437}.Debug|Any CPU.Build.0 = Debug|Any CPU
		{98646EAE-4779-46E2-BF0D-EC54BE34C437}.Release|Any CPU.ActiveCfg = Release|Any CPU
		{98646EAE-4779-46E2-BF0D-EC54BE34C437}.Release|Any CPU.Build.0 = Release|Any CPU
	EndGlobalSection
	GlobalSection(SolutionProperties) = preSolution
		HideSolutionNode = FALSE
	EndGlobalSection
	GlobalSection(ExtensibilityGlobals) = postSolution
		SolutionGuid = {5BE50F93-E5F9-48E0-B8C6-5CE26192B80A}
	EndGlobalSection
EndGlobal
